
Microsoft Visual Studio Solution File, Format Version 12.00
# Visual Studio Version 16
VisualStudioVersion = 16.0.32126.315
MinimumVisualStudioVersion = 10.0.40219.1
Project("{FAE04EC0-301F-11D3-BF4B-00C04F79EFBC}") = "VanGoluCanavari.Business", "VanGoluCanavari.Business\VanGoluCanavari.Business.csproj", "{A02883CD-1A9D-43BC-B7E4-E2413500334E}"
EndProject
Project("{FAE04EC0-301F-11D3-BF4B-00C04F79EFBC}") = "VanGoluCanavari.Data", "VanGoluCanavari.Data\VanGoluCanavari.Data.csproj", "{098ACA36-8206-4B28-B8CF-20795EBA2BED}"
EndProject
Project("{FAE04EC0-301F-11D3-BF4B-00C04F79EFBC}") = "VanGoluCanavari.Entity", "VanGoluCanavari.Entity\VanGoluCanavari.Entity.csproj", "{B26BDDDC-E348-4AAB-A335-39B052FF443A}"
EndProject
Project("{FAE04EC0-301F-11D3-BF4B-00C04F79EFBC}") = "VanGoluCanavari.WebUI", "VanGoluCanavari.WebUI\VanGoluCanavari.WebUI.csproj", "{50279ED2-523E-403C-88A7-555E301FE9FA}"
EndProject
Global
	GlobalSection(SolutionConfigurationPlatforms) = preSolution
		Debug|Any CPU = Debug|Any CPU
		Release|Any CPU = Release|Any CPU
	EndGlobalSection
	GlobalSection(ProjectConfigurationPlatforms) = postSolution
		{A02883CD-1A9D-43BC-B7E4-E2413500334E}.Debug|Any CPU.ActiveCfg = Debug|Any CPU
		{A02883CD-1A9D-43BC-B7E4-E2413500334E}.Debug|Any CPU.Build.0 = Debug|Any CPU
		{A02883CD-1A9D-43BC-B7E4-E2413500334E}.Release|Any CPU.ActiveCfg = Release|Any CPU
		{A02883CD-1A9D-43BC-B7E4-E2413500334E}.Release|Any CPU.Build.0 = Release|Any CPU
		{098ACA36-8206-4B28-B8CF-20795EBA2BED}.Debug|Any CPU.ActiveCfg = Debug|Any CPU
		{098ACA36-8206-4B28-B8CF-20795EBA2BED}.Debug|Any CPU.Build.0 = Debug|Any CPU
		{098ACA36-8206-4B28-B8CF-20795EBA2BED}.Release|Any CPU.ActiveCfg = Release|Any CPU
		{098ACA36-8206-4B28-B8CF-20795EBA2BED}.Release|Any CPU.Build.0 = Release|Any CPU
		{B26BDDDC-E348-4AAB-A335-39B052FF443A}.Debug|Any CPU.ActiveCfg = Debug|Any CPU
		{B26BDDDC-E348-4AAB-A335-39B052FF443A}.Debug|Any CPU.Build.0 = Debug|Any CPU
		{B26BDDDC-E348-4AAB-A335-39B052FF443A}.Release|Any CPU.ActiveCfg = Release|Any CPU
		{B26BDDDC-E348-4AAB-A335-39B052FF443A}.Release|Any CPU.Build.0 = Release|Any CPU
		{50279ED2-523E-403C-88A7-555E301FE9FA}.Debug|Any CPU.ActiveCfg = Debug|Any CPU
		{50279ED2-523E-403C-88A7-555E301FE9FA}.Debug|Any CPU.Build.0 = Debug|Any CPU
		{50279ED2-523E-403C-88A7-555E301FE9FA}.Release|Any CPU.ActiveCfg = Release|Any CPU
		{50279ED2-523E-403C-88A7-555E301FE9FA}.Release|Any CPU.Build.0 = Release|Any CPU
	EndGlobalSection
	GlobalSection(SolutionProperties) = preSolution
		HideSolutionNode = FALSE
	EndGlobalSection
	GlobalSection(ExtensibilityGlobals) = postSolution
		SolutionGuid = {B053DC40-2A6E-4FAF-8D03-1C9441CE13FA}
	EndGlobalSection
EndGlobal
